
Microsoft Visual Studio Solution File, Format Version 12.00
# Visual Studio Version 17
VisualStudioVersion = 17.14.36127.28
MinimumVisualStudioVersion = 10.0.40219.1
Project("{FAE04EC0-301F-11D3-BF4B-00C04F79EFBC}") = "Demo.API", "WebApplication1\Demo.API.csproj", "{9560A949-9C3C-451C-A748-1BBF3E84B93E}"
EndProject
Project("{FAE04EC0-301F-11D3-BF4B-00C04F79EFBC}") = "Demo.UnitTests", "TestProject1\Demo.UnitTests.csproj", "{F3BEFBAC-269D-4CF0-B138-23871249F431}"
EndProject
Project("{FAE04EC0-301F-11D3-BF4B-00C04F79EFBC}") = "Demo.Migrations", "Migrations\Demo.Migrations.csproj", "{B0E4E737-7E03-4C70-8525-B5955564FD9B}"
EndProject
Project("{FAE04EC0-301F-11D3-BF4B-00C04F79EFBC}") = "Demo.Migrator.CLI", "foo.Migrator\Demo.Migrator.CLI.csproj", "{0F5FE925-FF66-4EBB-9AE4-9ADC41892175}"
EndProject
Project("{FAE04EC0-301F-11D3-BF4B-00C04F79EFBC}") = "Demo.Domain", "Domain\Demo.Domain.csproj", "{7DF80198-80B6-4DC8-BB32-9FC74E07AACD}"
EndProject
Project("{FAE04EC0-301F-11D3-BF4B-00C04F79EFBC}") = "Demo.Infrastructure", "Infrastructure\Demo.Infrastructure.csproj", "{40BFBB7A-2DD2-4264-ADB7-59FAF39681E6}"
EndProject
Project("{2150E333-8FDC-42A3-9474-1A3956D46DE8}") = "Solution Items", "Solution Items", "{8EC462FD-D22E-90A8-E5CE-7E832BA40C5D}"
	ProjectSection(SolutionItems) = preProject
		.gitattributes = .gitattributes
		.gitignore = .gitignore
		README.md = README.md
	EndProjectSection
EndProject
Global
	GlobalSection(SolutionConfigurationPlatforms) = preSolution
		Debug|Any CPU = Debug|Any CPU
		Release|Any CPU = Release|Any CPU
		Test|Any CPU = Test|Any CPU
	EndGlobalSection
	GlobalSection(ProjectConfigurationPlatforms) = postSolution
		{9560A949-9C3C-451C-A748-1BBF3E84B93E}.Debug|Any CPU.ActiveCfg = Debug|Any CPU
		{9560A949-9C3C-451C-A748-1BBF3E84B93E}.Debug|Any CPU.Build.0 = Debug|Any CPU
		{9560A949-9C3C-451C-A748-1BBF3E84B93E}.Release|Any CPU.ActiveCfg = Release|Any CPU
		{9560A949-9C3C-451C-A748-1BBF3E84B93E}.Release|Any CPU.Build.0 = Release|Any CPU
		{9560A949-9C3C-451C-A748-1BBF3E84B93E}.Test|Any CPU.ActiveCfg = Test|Any CPU
		{9560A949-9C3C-451C-A748-1BBF3E84B93E}.Test|Any CPU.Build.0 = Test|Any CPU
		{F3BEFBAC-269D-4CF0-B138-23871249F431}.Debug|Any CPU.ActiveCfg = Debug|Any CPU
		{F3BEFBAC-269D-4CF0-B138-23871249F431}.Debug|Any CPU.Build.0 = Debug|Any CPU
		{F3BEFBAC-269D-4CF0-B138-23871249F431}.Release|Any CPU.ActiveCfg = Release|Any CPU
		{F3BEFBAC-269D-4CF0-B138-23871249F431}.Release|Any CPU.Build.0 = Release|Any CPU
		{F3BEFBAC-269D-4CF0-B138-23871249F431}.Test|Any CPU.ActiveCfg = Test|Any CPU
		{F3BEFBAC-269D-4CF0-B138-23871249F431}.Test|Any CPU.Build.0 = Test|Any CPU
		{B0E4E737-7E03-4C70-8525-B5955564FD9B}.Debug|Any CPU.ActiveCfg = Debug|Any CPU
		{B0E4E737-7E03-4C70-8525-B5955564FD9B}.Debug|Any CPU.Build.0 = Debug|Any CPU
		{B0E4E737-7E03-4C70-8525-B5955564FD9B}.Release|Any CPU.ActiveCfg = Release|Any CPU
		{B0E4E737-7E03-4C70-8525-B5955564FD9B}.Release|Any CPU.Build.0 = Release|Any CPU
		{B0E4E737-7E03-4C70-8525-B5955564FD9B}.Test|Any CPU.ActiveCfg = Test|Any CPU
		{B0E4E737-7E03-4C70-8525-B5955564FD9B}.Test|Any CPU.Build.0 = Test|Any CPU
		{0F5FE925-FF66-4EBB-9AE4-9ADC41892175}.Debug|Any CPU.ActiveCfg = Debug|Any CPU
		{0F5FE925-FF66-4EBB-9AE4-9ADC41892175}.Debug|Any CPU.Build.0 = Debug|Any CPU
		{0F5FE925-FF66-4EBB-9AE4-9ADC41892175}.Release|Any CPU.ActiveCfg = Release|Any CPU
		{0F5FE925-FF66-4EBB-9AE4-9ADC41892175}.Release|Any CPU.Build.0 = Release|Any CPU
		{0F5FE925-FF66-4EBB-9AE4-9ADC41892175}.Test|Any CPU.ActiveCfg = Test|Any CPU
		{0F5FE925-FF66-4EBB-9AE4-9ADC41892175}.Test|Any CPU.Build.0 = Test|Any CPU
		{7DF80198-80B6-4DC8-BB32-9FC74E07AACD}.Debug|Any CPU.ActiveCfg = Debug|Any CPU
		{7DF80198-80B6-4DC8-BB32-9FC74E07AACD}.Debug|Any CPU.Build.0 = Debug|Any CPU
		{7DF80198-80B6-4DC8-BB32-9FC74E07AACD}.Release|Any CPU.ActiveCfg = Release|Any CPU
		{7DF80198-80B6-4DC8-BB32-9FC74E07AACD}.Release|Any CPU.Build.0 = Release|Any CPU
		{7DF80198-80B6-4DC8-BB32-9FC74E07AACD}.Test|Any CPU.ActiveCfg = Debug|Any CPU
		{7DF80198-80B6-4DC8-BB32-9FC74E07AACD}.Test|Any CPU.Build.0 = Debug|Any CPU
		{40BFBB7A-2DD2-4264-ADB7-59FAF39681E6}.Debug|Any CPU.ActiveCfg = Debug|Any CPU
		{40BFBB7A-2DD2-4264-ADB7-59FAF39681E6}.Debug|Any CPU.Build.0 = Debug|Any CPU
		{40BFBB7A-2DD2-4264-ADB7-59FAF39681E6}.Release|Any CPU.ActiveCfg = Release|Any CPU
		{40BFBB7A-2DD2-4264-ADB7-59FAF39681E6}.Release|Any CPU.Build.0 = Release|Any CPU
		{40BFBB7A-2DD2-4264-ADB7-59FAF39681E6}.Test|Any CPU.ActiveCfg = Debug|Any CPU
		{40BFBB7A-2DD2-4264-ADB7-59FAF39681E6}.Test|Any CPU.Build.0 = Debug|Any CPU
	EndGlobalSection
	GlobalSection(SolutionProperties) = preSolution
		HideSolutionNode = FALSE
	EndGlobalSection
	GlobalSection(ExtensibilityGlobals) = postSolution
		SolutionGuid = {A5EBAC38-886A-44A7-8F2A-B3E08468E626}
	EndGlobalSection
EndGlobal
